{
  "originHash" : "3c62a4cdf9dd15911cf88bd63cb1fe97bf14380614e16313034916e8c4e748dd",
  "pins" : [
    {
      "identity" : "kingfisher",
      "kind" : "remoteSourceControl",
      "location" : "https://github.com/onevcat/Kingfisher.git",
      "state" : {
        "revision" : "c92b84898e34ab46ff0dad86c02a0acbe2d87008",
        "version" : "8.8.0"
      }
    },
    {
      "identity" : "swiftui-reorderable-foreach",
      "kind" : "remoteSourceControl",
      "location" : "https://github.com/globulus/swiftui-reorderable-foreach",
      "state" : {
        "revision" : "47f6ca1ad906ef2ae1f872ed34a10cc615ad99ca",
        "version" : "1.0.0"
      }
    },
    {
      "identity" : "zoomable",
      "kind" : "remoteSourceControl",
      "location" : "https://github.com/ryohey/Zoomable.git",
      "state" : {
        "branch" : "main",
        "revision" : "27463744a1c82e550959703153bd6f3c62fef906"
      }
    }
  ],
  "version" : 3
}
