{
  "originHash" : "5695898d5980ebc493734fa2b7db1ee0835097e4365752a4b2909bfea9bb726b",
  "pins" : [
    {
      "identity" : "photozoomui",
      "kind" : "remoteSourceControl",
      "location" : "https://github.com/Ryu0118/PhotoZoomUI",
      "state" : {
        "revision" : "77b7b93763bae3172f726a2f5df4998641e0c3cb",
        "version" : "0.1.0"
      }
    },
    {
      "identity" : "swiftui-reorderable-foreach",
      "kind" : "remoteSourceControl",
      "location" : "https://github.com/globulus/swiftui-reorderable-foreach",
      "state" : {
        "revision" : "47f6ca1ad906ef2ae1f872ed34a10cc615ad99ca",
        "version" : "1.0.0"
      }
    },
    {
      "identity" : "zoomable",
      "kind" : "remoteSourceControl",
      "location" : "https://github.com/ryohey/Zoomable.git",
      "state" : {
        "branch" : "main",
        "revision" : "27463744a1c82e550959703153bd6f3c62fef906"
      }
    }
  ],
  "version" : 3
}
